
Microsoft Visual Studio Solution File, Format Version 12.00
# Visual Studio Version 16
VisualStudioVersion = 16.0.30406.217
MinimumVisualStudioVersion = 10.0.40219.1
Project("{8BC9CEB8-8B4A-11D0-8D11-00A0C91BC942}") = "textSDLproject", "textSDLproject\textSDLproject.vcxproj", "{46086791-2999-4AFB-85A0-8379D06C8AD2}"
EndProject
Global
	GlobalSection(SolutionConfigurationPlatforms) = preSolution
		Debug|x64 = Debug|x64
		Debug|x86 = Debug|x86
		Release|x64 = Release|x64
		Release|x86 = Release|x86
	EndGlobalSection
	GlobalSection(ProjectConfigurationPlatforms) = postSolution
		{46086791-2999-4AFB-85A0-8379D06C8AD2}.Debug|x64.ActiveCfg = Debug|x64
		{46086791-2999-4AFB-85A0-8379D06C8AD2}.Debug|x64.Build.0 = Debug|x64
		{46086791-2999-4AFB-85A0-8379D06C8AD2}.Debug|x86.ActiveCfg = Debug|Win32
		{46086791-2999-4AFB-85A0-8379D06C8AD2}.Debug|x86.Build.0 = Debug|Win32
		{46086791-2999-4AFB-85A0-8379D06C8AD2}.Release|x64.ActiveCfg = Release|x64
		{46086791-2999-4AFB-85A0-8379D06C8AD2}.Release|x64.Build.0 = Release|x64
		{46086791-2999-4AFB-85A0-8379D06C8AD2}.Release|x86.ActiveCfg = Release|Win32
		{46086791-2999-4AFB-85A0-8379D06C8AD2}.Release|x86.Build.0 = Release|Win32
	EndGlobalSection
	GlobalSection(SolutionProperties) = preSolution
		HideSolutionNode = FALSE
	EndGlobalSection
	GlobalSection(ExtensibilityGlobals) = postSolution
		SolutionGuid = {741FF2C5-4A63-4F21-B041-ECA131113E86}
	EndGlobalSection
EndGlobal
